
Microsoft Visual Studio Solution File, Format Version 12.00
# Visual Studio Version 17
VisualStudioVersion = 17.9.34728.123
MinimumVisualStudioVersion = 10.0.40219.1
Project("{FAE04EC0-301F-11D3-BF4B-00C04F79EFBC}") = "CICDPipelineDemo", "CICDPipelineDemo\CICDPipelineDemo.csproj", "{878AD0A4-0AB3-4A0B-B201-70AE1859EED8}"
EndProject
Global
	GlobalSection(SolutionConfigurationPlatforms) = preSolution
		Debug|Any CPU = Debug|Any CPU
		Release|Any CPU = Release|Any CPU
	EndGlobalSection
	GlobalSection(ProjectConfigurationPlatforms) = postSolution
		{878AD0A4-0AB3-4A0B-B201-70AE1859EED8}.Debug|Any CPU.ActiveCfg = Debug|Any CPU
		{878AD0A4-0AB3-4A0B-B201-70AE1859EED8}.Debug|Any CPU.Build.0 = Debug|Any CPU
		{878AD0A4-0AB3-4A0B-B201-70AE1859EED8}.Release|Any CPU.ActiveCfg = Release|Any CPU
		{878AD0A4-0AB3-4A0B-B201-70AE1859EED8}.Release|Any CPU.Build.0 = Release|Any CPU
	EndGlobalSection
	GlobalSection(SolutionProperties) = preSolution
		HideSolutionNode = FALSE
	EndGlobalSection
	GlobalSection(ExtensibilityGlobals) = postSolution
		SolutionGuid = {1DFF0196-AAE7-4677-BB39-F68993227555}
	EndGlobalSection
EndGlobal
